
Microsoft Visual Studio Solution File, Format Version 12.00
# Visual Studio Version 17
VisualStudioVersion = 17.5.002.0
MinimumVisualStudioVersion = 10.0.40219.1
Project("{9A19103F-16F7-4668-BE54-9A1E7A4F7556}") = "Restaurants.API", "Restaurants.API\Restaurants.API.csproj", "{36527BE4-E03E-46F4-8A8F-EC6E8372A031}"
EndProject
Project("{FAE04EC0-301F-11D3-BF4B-00C04F79EFBC}") = "Restaurants.Domain", "Restaurants.Domain\Restaurants.Domain.csproj", "{E37E29D1-132A-4560-8829-EC93E5353B23}"
EndProject
Project("{FAE04EC0-301F-11D3-BF4B-00C04F79EFBC}") = "Restaurants.Application", "Restaurants.Application\Restaurants.Application.csproj", "{78D0EA7C-E852-4499-BDF8-9542F6C28B76}"
EndProject
Project("{FAE04EC0-301F-11D3-BF4B-00C04F79EFBC}") = "Restaurants.Infrastructure", "Restaurants.Infrastructure\Restaurants.Infrastructure.csproj", "{4176FB8C-6CA6-4969-8A82-7DCA6CE5D6C1}"
EndProject
Global
	GlobalSection(SolutionConfigurationPlatforms) = preSolution
		Debug|Any CPU = Debug|Any CPU
		Release|Any CPU = Release|Any CPU
	EndGlobalSection
	GlobalSection(ProjectConfigurationPlatforms) = postSolution
		{36527BE4-E03E-46F4-8A8F-EC6E8372A031}.Debug|Any CPU.ActiveCfg = Debug|Any CPU
		{36527BE4-E03E-46F4-8A8F-EC6E8372A031}.Debug|Any CPU.Build.0 = Debug|Any CPU
		{36527BE4-E03E-46F4-8A8F-EC6E8372A031}.Release|Any CPU.ActiveCfg = Release|Any CPU
		{36527BE4-E03E-46F4-8A8F-EC6E8372A031}.Release|Any CPU.Build.0 = Release|Any CPU
		{E37E29D1-132A-4560-8829-EC93E5353B23}.Debug|Any CPU.ActiveCfg = Debug|Any CPU
		{E37E29D1-132A-4560-8829-EC93E5353B23}.Debug|Any CPU.Build.0 = Debug|Any CPU
		{E37E29D1-132A-4560-8829-EC93E5353B23}.Release|Any CPU.ActiveCfg = Release|Any CPU
		{E37E29D1-132A-4560-8829-EC93E5353B23}.Release|Any CPU.Build.0 = Release|Any CPU
		{78D0EA7C-E852-4499-BDF8-9542F6C28B76}.Debug|Any CPU.ActiveCfg = Debug|Any CPU
		{78D0EA7C-E852-4499-BDF8-9542F6C28B76}.Debug|Any CPU.Build.0 = Debug|Any CPU
		{78D0EA7C-E852-4499-BDF8-9542F6C28B76}.Release|Any CPU.ActiveCfg = Release|Any CPU
		{78D0EA7C-E852-4499-BDF8-9542F6C28B76}.Release|Any CPU.Build.0 = Release|Any CPU
		{4176FB8C-6CA6-4969-8A82-7DCA6CE5D6C1}.Debug|Any CPU.ActiveCfg = Debug|Any CPU
		{4176FB8C-6CA6-4969-8A82-7DCA6CE5D6C1}.Debug|Any CPU.Build.0 = Debug|Any CPU
		{4176FB8C-6CA6-4969-8A82-7DCA6CE5D6C1}.Release|Any CPU.ActiveCfg = Release|Any CPU
		{4176FB8C-6CA6-4969-8A82-7DCA6CE5D6C1}.Release|Any CPU.Build.0 = Release|Any CPU
	EndGlobalSection
	GlobalSection(SolutionProperties) = preSolution
		HideSolutionNode = FALSE
	EndGlobalSection
	GlobalSection(ExtensibilityGlobals) = postSolution
		SolutionGuid = {607304BA-9E63-4DF4-80A1-909C0B1A29AA}
	EndGlobalSection
EndGlobal
